
Microsoft Visual Studio Solution File, Format Version 12.00
# Visual Studio Version 17
VisualStudioVersion = 17.8.34408.163
MinimumVisualStudioVersion = 10.0.40219.1
Project("{8BC9CEB8-8B4A-11D0-8D11-00A0C91BC942}") = "Lab3_bai1_TinhPhuongTrinh", "Lab3_bai1_TinhPhuongTrinh.vcxproj", "{DF054BDB-F1AE-46CD-B109-7ECE4BB17B92}"
EndProject
Project("{8BC9CEB8-8B4A-11D0-8D11-00A0C91BC942}") = "Lab3_bai2_TimSoNgay", "..\Lab3_bai2_TimSoNgay\Lab3_bai2_TimSoNgay.vcxproj", "{0FFAA1DD-13F5-494C-888D-E3BBA75F3503}"
EndProject
Project("{8BC9CEB8-8B4A-11D0-8D11-00A0C91BC942}") = "Lab3_bai3_PhanLoaiTamGiac", "..\Lab3_bai3_PhanLoaiTamGiac\Lab3_bai3_PhanLoaiTamGiac.vcxproj", "{A182DE55-35A7-48C1-BA12-3CF1AA7111D4}"
EndProject
Project("{8BC9CEB8-8B4A-11D0-8D11-00A0C91BC942}") = "Lab3_bai5_ThongKeDiem", "..\Lab3_bai5_ThongKeDiem\Lab3_bai5_ThongKeDiem.vcxproj", "{B3CD59E9-9B79-49A4-AD22-09CED6511E9E}"
EndProject
Project("{8BC9CEB8-8B4A-11D0-8D11-00A0C91BC942}") = "Lab3_bai6_SoNguyenTO", "..\Lab3_bai6_SoNguyenTa\Lab3_bai6_SoNguyenTa.vcxproj", "{97B419C4-A6F5-4BC7-B3EC-0C3A756D8205}"
EndProject
Project("{8BC9CEB8-8B4A-11D0-8D11-00A0C91BC942}") = "Lab3_Bai4_GiaiThua", "..\Lab3_Bai4_GiaiThua\Lab3_Bai4_GiaiThua.vcxproj", "{181BD276-058D-4E92-8D86-EEA0661F5CDF}"
EndProject
Project("{8BC9CEB8-8B4A-11D0-8D11-00A0C91BC942}") = "Bai 1", "..\Bai1\Bai1.vcxproj", "{E76D7E62-C446-42CE-B428-7F7DDC421821}"
EndProject
Project("{8BC9CEB8-8B4A-11D0-8D11-00A0C91BC942}") = "Bai 2", "..\Bai 2\Bai 2.vcxproj", "{967CFEE7-5ED8-49C1-AF6B-4CD5216FDA3A}"
EndProject
Project("{8BC9CEB8-8B4A-11D0-8D11-00A0C91BC942}") = "Bai 3", "..\Bai 3\Bai 3.vcxproj", "{A82A9F61-E9DC-463D-80B4-C6803646ABE4}"
EndProject
Project("{8BC9CEB8-8B4A-11D0-8D11-00A0C91BC942}") = "Bai 4", "..\Bai 4\Bai 4.vcxproj", "{AC68FE68-B5FB-44B4-8CC3-1070B5EDE0AB}"
EndProject
Project("{8BC9CEB8-8B4A-11D0-8D11-00A0C91BC942}") = "Bai 5", "..\Bai 5\Bai 5.vcxproj", "{BCD77B77-63C5-4BD0-82C8-47EA47CB9356}"
EndProject
Project("{8BC9CEB8-8B4A-11D0-8D11-00A0C91BC942}") = "Bai 6", "..\Bai 6\Bai 6.vcxproj", "{A637DF40-A3C4-4411-9ED7-869A83099E5D}"
EndProject
Project("{8BC9CEB8-8B4A-11D0-8D11-00A0C91BC942}") = "Bai 7", "..\Bai 7\Bai 7.vcxproj", "{F6B4E856-3970-4217-ADEA-0C4C72041A1E}"
EndProject
Project("{8BC9CEB8-8B4A-11D0-8D11-00A0C91BC942}") = "Bai 8", "..\Bai 8\Bai 8.vcxproj", "{E15821A4-4C5A-48B7-B870-A85678B10478}"
EndProject
Project("{8BC9CEB8-8B4A-11D0-8D11-00A0C91BC942}") = "bai 9", "..\bai 9\bai 9.vcxproj", "{78D51A14-8656-4E38-8076-CC2CCDD0C670}"
EndProject
Project("{8BC9CEB8-8B4A-11D0-8D11-00A0C91BC942}") = "bai 10", "..\bai 10\bai 10.vcxproj", "{DCB5B973-7F81-4B1E-8DBE-4706AAD75634}"
EndProject
Project("{8BC9CEB8-8B4A-11D0-8D11-00A0C91BC942}") = "Bai 11", "..\Bai 11\Bai 11.vcxproj", "{FBA57E43-A694-4347-BE42-A75920B464E3}"
EndProject
Project("{8BC9CEB8-8B4A-11D0-8D11-00A0C91BC942}") = "Bai 12", "..\Bai 12\Bai 12.vcxproj", "{4E6A8307-191E-4504-B2F5-93AE394E0C73}"
EndProject
Project("{8BC9CEB8-8B4A-11D0-8D11-00A0C91BC942}") = "Bai 13", "..\Bai 13\Bai 13.vcxproj", "{16205BFE-B526-4C6F-9241-CF95D74B15BB}"
EndProject
Project("{8BC9CEB8-8B4A-11D0-8D11-00A0C91BC942}") = "Bai 14", "..\Bai 14\Bai 14.vcxproj", "{01F1762D-3EF4-4396-B8AF-6262DCF88FDE}"
EndProject
Project("{8BC9CEB8-8B4A-11D0-8D11-00A0C91BC942}") = "Bai 15", "..\Bai 15\Bai 15.vcxproj", "{567AB76E-93CA-414D-AF6C-0DA71BBE5E0F}"
EndProject
Global
	GlobalSection(SolutionConfigurationPlatforms) = preSolution
		Debug|x64 = Debug|x64
		Debug|x86 = Debug|x86
		Release|x64 = Release|x64
		Release|x86 = Release|x86
	EndGlobalSection
	GlobalSection(ProjectConfigurationPlatforms) = postSolution
		{DF054BDB-F1AE-46CD-B109-7ECE4BB17B92}.Debug|x64.ActiveCfg = Debug|x64
		{DF054BDB-F1AE-46CD-B109-7ECE4BB17B92}.Debug|x64.Build.0 = Debug|x64
		{DF054BDB-F1AE-46CD-B109-7ECE4BB17B92}.Debug|x86.ActiveCfg = Debug|Win32
		{DF054BDB-F1AE-46CD-B109-7ECE4BB17B92}.Debug|x86.Build.0 = Debug|Win32
		{DF054BDB-F1AE-46CD-B109-7ECE4BB17B92}.Release|x64.ActiveCfg = Release|x64
		{DF054BDB-F1AE-46CD-B109-7ECE4BB17B92}.Release|x64.Build.0 = Release|x64
		{DF054BDB-F1AE-46CD-B109-7ECE4BB17B92}.Release|x86.ActiveCfg = Release|Win32
		{DF054BDB-F1AE-46CD-B109-7ECE4BB17B92}.Release|x86.Build.0 = Release|Win32
		{0FFAA1DD-13F5-494C-888D-E3BBA75F3503}.Debug|x64.ActiveCfg = Debug|x64
		{0FFAA1DD-13F5-494C-888D-E3BBA75F3503}.Debug|x64.Build.0 = Debug|x64
		{0FFAA1DD-13F5-494C-888D-E3BBA75F3503}.Debug|x86.ActiveCfg = Debug|Win32
		{0FFAA1DD-13F5-494C-888D-E3BBA75F3503}.Debug|x86.Build.0 = Debug|Win32
		{0FFAA1DD-13F5-494C-888D-E3BBA75F3503}.Release|x64.ActiveCfg = Release|x64
		{0FFAA1DD-13F5-494C-888D-E3BBA75F3503}.Release|x64.Build.0 = Release|x64
		{0FFAA1DD-13F5-494C-888D-E3BBA75F3503}.Release|x86.ActiveCfg = Release|Win32
		{0FFAA1DD-13F5-494C-888D-E3BBA75F3503}.Release|x86.Build.0 = Release|Win32
		{A182DE55-35A7-48C1-BA12-3CF1AA7111D4}.Debug|x64.ActiveCfg = Debug|x64
		{A182DE55-35A7-48C1-BA12-3CF1AA7111D4}.Debug|x64.Build.0 = Debug|x64
		{A182DE55-35A7-48C1-BA12-3CF1AA7111D4}.Debug|x86.ActiveCfg = Debug|Win32
		{A182DE55-35A7-48C1-BA12-3CF1AA7111D4}.Debug|x86.Build.0 = Debug|Win32
		{A182DE55-35A7-48C1-BA12-3CF1AA7111D4}.Release|x64.ActiveCfg = Release|x64
		{A182DE55-35A7-48C1-BA12-3CF1AA7111D4}.Release|x64.Build.0 = Release|x64
		{A182DE55-35A7-48C1-BA12-3CF1AA7111D4}.Release|x86.ActiveCfg = Release|Win32
		{A182DE55-35A7-48C1-BA12-3CF1AA7111D4}.Release|x86.Build.0 = Release|Win32
		{B3CD59E9-9B79-49A4-AD22-09CED6511E9E}.Debug|x64.ActiveCfg = Debug|x64
		{B3CD59E9-9B79-49A4-AD22-09CED6511E9E}.Debug|x64.Build.0 = Debug|x64
		{B3CD59E9-9B79-49A4-AD22-09CED6511E9E}.Debug|x86.ActiveCfg = Debug|Win32
		{B3CD59E9-9B79-49A4-AD22-09CED6511E9E}.Debug|x86.Build.0 = Debug|Win32
		{B3CD59E9-9B79-49A4-AD22-09CED6511E9E}.Release|x64.ActiveCfg = Release|x64
		{B3CD59E9-9B79-49A4-AD22-09CED6511E9E}.Release|x64.Build.0 = Release|x64
		{B3CD59E9-9B79-49A4-AD22-09CED6511E9E}.Release|x86.ActiveCfg = Release|Win32
		{B3CD59E9-9B79-49A4-AD22-09CED6511E9E}.Release|x86.Build.0 = Release|Win32
		{97B419C4-A6F5-4BC7-B3EC-0C3A756D8205}.Debug|x64.ActiveCfg = Debug|x64
		{97B419C4-A6F5-4BC7-B3EC-0C3A756D8205}.Debug|x64.Build.0 = Debug|x64
		{97B419C4-A6F5-4BC7-B3EC-0C3A756D8205}.Debug|x86.ActiveCfg = Debug|Win32
		{97B419C4-A6F5-4BC7-B3EC-0C3A756D8205}.Debug|x86.Build.0 = Debug|Win32
		{97B419C4-A6F5-4BC7-B3EC-0C3A756D8205}.Release|x64.ActiveCfg = Release|x64
		{97B419C4-A6F5-4BC7-B3EC-0C3A756D8205}.Release|x64.Build.0 = Release|x64
		{97B419C4-A6F5-4BC7-B3EC-0C3A756D8205}.Release|x86.ActiveCfg = Release|Win32
		{97B419C4-A6F5-4BC7-B3EC-0C3A756D8205}.Release|x86.Build.0 = Release|Win32
		{181BD276-058D-4E92-8D86-EEA0661F5CDF}.Debug|x64.ActiveCfg = Debug|x64
		{181BD276-058D-4E92-8D86-EEA0661F5CDF}.Debug|x64.Build.0 = Debug|x64
		{181BD276-058D-4E92-8D86-EEA0661F5CDF}.Debug|x86.ActiveCfg = Debug|Win32
		{181BD276-058D-4E92-8D86-EEA0661F5CDF}.Debug|x86.Build.0 = Debug|Win32
		{181BD276-058D-4E92-8D86-EEA0661F5CDF}.Release|x64.ActiveCfg = Release|x64
		{181BD276-058D-4E92-8D86-EEA0661F5CDF}.Release|x64.Build.0 = Release|x64
		{181BD276-058D-4E92-8D86-EEA0661F5CDF}.Release|x86.ActiveCfg = Release|Win32
		{181BD276-058D-4E92-8D86-EEA0661F5CDF}.Release|x86.Build.0 = Release|Win32
		{E76D7E62-C446-42CE-B428-7F7DDC421821}.Debug|x64.ActiveCfg = Debug|x64
		{E76D7E62-C446-42CE-B428-7F7DDC421821}.Debug|x64.Build.0 = Debug|x64
		{E76D7E62-C446-42CE-B428-7F7DDC421821}.Debug|x86.ActiveCfg = Debug|Win32
		{E76D7E62-C446-42CE-B428-7F7DDC421821}.Debug|x86.Build.0 = Debug|Win32
		{E76D7E62-C446-42CE-B428-7F7DDC421821}.Release|x64.ActiveCfg = Release|x64
		{E76D7E62-C446-42CE-B428-7F7DDC421821}.Release|x64.Build.0 = Release|x64
		{E76D7E62-C446-42CE-B428-7F7DDC421821}.Release|x86.ActiveCfg = Release|Win32
		{E76D7E62-C446-42CE-B428-7F7DDC421821}.Release|x86.Build.0 = Release|Win32
		{967CFEE7-5ED8-49C1-AF6B-4CD5216FDA3A}.Debug|x64.ActiveCfg = Debug|x64
		{967CFEE7-5ED8-49C1-AF6B-4CD5216FDA3A}.Debug|x64.Build.0 = Debug|x64
		{967CFEE7-5ED8-49C1-AF6B-4CD5216FDA3A}.Debug|x86.ActiveCfg = Debug|Win32
		{967CFEE7-5ED8-49C1-AF6B-4CD5216FDA3A}.Debug|x86.Build.0 = Debug|Win32
		{967CFEE7-5ED8-49C1-AF6B-4CD5216FDA3A}.Release|x64.ActiveCfg = Release|x64
		{967CFEE7-5ED8-49C1-AF6B-4CD5216FDA3A}.Release|x64.Build.0 = Release|x64
		{967CFEE7-5ED8-49C1-AF6B-4CD5216FDA3A}.Release|x86.ActiveCfg = Release|Win32
		{967CFEE7-5ED8-49C1-AF6B-4CD5216FDA3A}.Release|x86.Build.0 = Release|Win32
		{A82A9F61-E9DC-463D-80B4-C6803646ABE4}.Debug|x64.ActiveCfg = Debug|x64
		{A82A9F61-E9DC-463D-80B4-C6803646ABE4}.Debug|x64.Build.0 = Debug|x64
		{A82A9F61-E9DC-463D-80B4-C6803646ABE4}.Debug|x86.ActiveCfg = Debug|Win32
		{A82A9F61-E9DC-463D-80B4-C6803646ABE4}.Debug|x86.Build.0 = Debug|Win32
		{A82A9F61-E9DC-463D-80B4-C6803646ABE4}.Release|x64.ActiveCfg = Release|x64
		{A82A9F61-E9DC-463D-80B4-C6803646ABE4}.Release|x64.Build.0 = Release|x64
		{A82A9F61-E9DC-463D-80B4-C6803646ABE4}.Release|x86.ActiveCfg = Release|Win32
		{A82A9F61-E9DC-463D-80B4-C6803646ABE4}.Release|x86.Build.0 = Release|Win32
		{AC68FE68-B5FB-44B4-8CC3-1070B5EDE0AB}.Debug|x64.ActiveCfg = Debug|x64
		{AC68FE68-B5FB-44B4-8CC3-1070B5EDE0AB}.Debug|x64.Build.0 = Debug|x64
		{AC68FE68-B5FB-44B4-8CC3-1070B5EDE0AB}.Debug|x86.ActiveCfg = Debug|Win32
		{AC68FE68-B5FB-44B4-8CC3-1070B5EDE0AB}.Debug|x86.Build.0 = Debug|Win32
		{AC68FE68-B5FB-44B4-8CC3-1070B5EDE0AB}.Release|x64.ActiveCfg = Release|x64
		{AC68FE68-B5FB-44B4-8CC3-1070B5EDE0AB}.Release|x64.Build.0 = Release|x64
		{AC68FE68-B5FB-44B4-8CC3-1070B5EDE0AB}.Release|x86.ActiveCfg = Release|Win32
		{AC68FE68-B5FB-44B4-8CC3-1070B5EDE0AB}.Release|x86.Build.0 = Release|Win32
		{BCD77B77-63C5-4BD0-82C8-47EA47CB9356}.Debug|x64.ActiveCfg = Debug|x64
		{BCD77B77-63C5-4BD0-82C8-47EA47CB9356}.Debug|x64.Build.0 = Debug|x64
		{BCD77B77-63C5-4BD0-82C8-47EA47CB9356}.Debug|x86.ActiveCfg = Debug|Win32
		{BCD77B77-63C5-4BD0-82C8-47EA47CB9356}.Debug|x86.Build.0 = Debug|Win32
		{BCD77B77-63C5-4BD0-82C8-47EA47CB9356}.Release|x64.ActiveCfg = Release|x64
		{BCD77B77-63C5-4BD0-82C8-47EA47CB9356}.Release|x64.Build.0 = Release|x64
		{BCD77B77-63C5-4BD0-82C8-47EA47CB9356}.Release|x86.ActiveCfg = Release|Win32
		{BCD77B77-63C5-4BD0-82C8-47EA47CB9356}.Release|x86.Build.0 = Release|Win32
		{A637DF40-A3C4-4411-9ED7-869A83099E5D}.Debug|x64.ActiveCfg = Debug|x64
		{A637DF40-A3C4-4411-9ED7-869A83099E5D}.Debug|x64.Build.0 = Debug|x64
		{A637DF40-A3C4-4411-9ED7-869A83099E5D}.Debug|x86.ActiveCfg = Debug|Win32
		{A637DF40-A3C4-4411-9ED7-869A83099E5D}.Debug|x86.Build.0 = Debug|Win32
		{A637DF40-A3C4-4411-9ED7-869A83099E5D}.Release|x64.ActiveCfg = Release|x64
		{A637DF40-A3C4-4411-9ED7-869A83099E5D}.Release|x64.Build.0 = Release|x64
		{A637DF40-A3C4-4411-9ED7-869A83099E5D}.Release|x86.ActiveCfg = Release|Win32
		{A637DF40-A3C4-4411-9ED7-869A83099E5D}.Release|x86.Build.0 = Release|Win32
		{F6B4E856-3970-4217-ADEA-0C4C72041A1E}.Debug|x64.ActiveCfg = Debug|x64
		{F6B4E856-3970-4217-ADEA-0C4C72041A1E}.Debug|x64.Build.0 = Debug|x64
		{F6B4E856-3970-4217-ADEA-0C4C72041A1E}.Debug|x86.ActiveCfg = Debug|Win32
		{F6B4E856-3970-4217-ADEA-0C4C72041A1E}.Debug|x86.Build.0 = Debug|Win32
		{F6B4E856-3970-4217-ADEA-0C4C72041A1E}.Release|x64.ActiveCfg = Release|x64
		{F6B4E856-3970-4217-ADEA-0C4C72041A1E}.Release|x64.Build.0 = Release|x64
		{F6B4E856-3970-4217-ADEA-0C4C72041A1E}.Release|x86.ActiveCfg = Release|Win32
		{F6B4E856-3970-4217-ADEA-0C4C72041A1E}.Release|x86.Build.0 = Release|Win32
		{E15821A4-4C5A-48B7-B870-A85678B10478}.Debug|x64.ActiveCfg = Debug|x64
		{E15821A4-4C5A-48B7-B870-A85678B10478}.Debug|x64.Build.0 = Debug|x64
		{E15821A4-4C5A-48B7-B870-A85678B10478}.Debug|x86.ActiveCfg = Debug|Win32
		{E15821A4-4C5A-48B7-B870-A85678B10478}.Debug|x86.Build.0 = Debug|Win32
		{E15821A4-4C5A-48B7-B870-A85678B10478}.Release|x64.ActiveCfg = Release|x64
		{E15821A4-4C5A-48B7-B870-A85678B10478}.Release|x64.Build.0 = Release|x64
		{E15821A4-4C5A-48B7-B870-A85678B10478}.Release|x86.ActiveCfg = Release|Win32
		{E15821A4-4C5A-48B7-B870-A85678B10478}.Release|x86.Build.0 = Release|Win32
		{78D51A14-8656-4E38-8076-CC2CCDD0C670}.Debug|x64.ActiveCfg = Debug|x64
		{78D51A14-8656-4E38-8076-CC2CCDD0C670}.Debug|x64.Build.0 = Debug|x64
		{78D51A14-8656-4E38-8076-CC2CCDD0C670}.Debug|x86.ActiveCfg = Debug|Win32
		{78D51A14-8656-4E38-8076-CC2CCDD0C670}.Debug|x86.Build.0 = Debug|Win32
		{78D51A14-8656-4E38-8076-CC2CCDD0C670}.Release|x64.ActiveCfg = Release|x64
		{78D51A14-8656-4E38-8076-CC2CCDD0C670}.Release|x64.Build.0 = Release|x64
		{78D51A14-8656-4E38-8076-CC2CCDD0C670}.Release|x86.ActiveCfg = Release|Win32
		{78D51A14-8656-4E38-8076-CC2CCDD0C670}.Release|x86.Build.0 = Release|Win32
		{DCB5B973-7F81-4B1E-8DBE-4706AAD75634}.Debug|x64.ActiveCfg = Debug|x64
		{DCB5B973-7F81-4B1E-8DBE-4706AAD75634}.Debug|x64.Build.0 = Debug|x64
		{DCB5B973-7F81-4B1E-8DBE-4706AAD75634}.Debug|x86.ActiveCfg = Debug|Win32
		{DCB5B973-7F81-4B1E-8DBE-4706AAD75634}.Debug|x86.Build.0 = Debug|Win32
		{DCB5B973-7F81-4B1E-8DBE-4706AAD75634}.Release|x64.ActiveCfg = Release|x64
		{DCB5B973-7F81-4B1E-8DBE-4706AAD75634}.Release|x64.Build.0 = Release|x64
		{DCB5B973-7F81-4B1E-8DBE-4706AAD75634}.Release|x86.ActiveCfg = Release|Win32
		{DCB5B973-7F81-4B1E-8DBE-4706AAD75634}.Release|x86.Build.0 = Release|Win32
		{FBA57E43-A694-4347-BE42-A75920B464E3}.Debug|x64.ActiveCfg = Debug|x64
		{FBA57E43-A694-4347-BE42-A75920B464E3}.Debug|x64.Build.0 = Debug|x64
		{FBA57E43-A694-4347-BE42-A75920B464E3}.Debug|x86.ActiveCfg = Debug|Win32
		{FBA57E43-A694-4347-BE42-A75920B464E3}.Debug|x86.Build.0 = Debug|Win32
		{FBA57E43-A694-4347-BE42-A75920B464E3}.Release|x64.ActiveCfg = Release|x64
		{FBA57E43-A694-4347-BE42-A75920B464E3}.Release|x64.Build.0 = Release|x64
		{FBA57E43-A694-4347-BE42-A75920B464E3}.Release|x86.ActiveCfg = Release|Win32
		{FBA57E43-A694-4347-BE42-A75920B464E3}.Release|x86.Build.0 = Release|Win32
		{4E6A8307-191E-4504-B2F5-93AE394E0C73}.Debug|x64.ActiveCfg = Debug|x64
		{4E6A8307-191E-4504-B2F5-93AE394E0C73}.Debug|x64.Build.0 = Debug|x64
		{4E6A8307-191E-4504-B2F5-93AE394E0C73}.Debug|x86.ActiveCfg = Debug|Win32
		{4E6A8307-191E-4504-B2F5-93AE394E0C73}.Debug|x86.Build.0 = Debug|Win32
		{4E6A8307-191E-4504-B2F5-93AE394E0C73}.Release|x64.ActiveCfg = Release|x64
		{4E6A8307-191E-4504-B2F5-93AE394E0C73}.Release|x64.Build.0 = Release|x64
		{4E6A8307-191E-4504-B2F5-93AE394E0C73}.Release|x86.ActiveCfg = Release|Win32
		{4E6A8307-191E-4504-B2F5-93AE394E0C73}.Release|x86.Build.0 = Release|Win32
		{16205BFE-B526-4C6F-9241-CF95D74B15BB}.Debug|x64.ActiveCfg = Debug|x64
		{16205BFE-B526-4C6F-9241-CF95D74B15BB}.Debug|x64.Build.0 = Debug|x64
		{16205BFE-B526-4C6F-9241-CF95D74B15BB}.Debug|x86.ActiveCfg = Debug|Win32
		{16205BFE-B526-4C6F-9241-CF95D74B15BB}.Debug|x86.Build.0 = Debug|Win32
		{16205BFE-B526-4C6F-9241-CF95D74B15BB}.Release|x64.ActiveCfg = Release|x64
		{16205BFE-B526-4C6F-9241-CF95D74B15BB}.Release|x64.Build.0 = Release|x64
		{16205BFE-B526-4C6F-9241-CF95D74B15BB}.Release|x86.ActiveCfg = Release|Win32
		{16205BFE-B526-4C6F-9241-CF95D74B15BB}.Release|x86.Build.0 = Release|Win32
		{01F1762D-3EF4-4396-B8AF-6262DCF88FDE}.Debug|x64.ActiveCfg = Debug|x64
		{01F1762D-3EF4-4396-B8AF-6262DCF88FDE}.Debug|x64.Build.0 = Debug|x64
		{01F1762D-3EF4-4396-B8AF-6262DCF88FDE}.Debug|x86.ActiveCfg = Debug|Win32
		{01F1762D-3EF4-4396-B8AF-6262DCF88FDE}.Debug|x86.Build.0 = Debug|Win32
		{01F1762D-3EF4-4396-B8AF-6262DCF88FDE}.Release|x64.ActiveCfg = Release|x64
		{01F1762D-3EF4-4396-B8AF-6262DCF88FDE}.Release|x64.Build.0 = Release|x64
		{01F1762D-3EF4-4396-B8AF-6262DCF88FDE}.Release|x86.ActiveCfg = Release|Win32
		{01F1762D-3EF4-4396-B8AF-6262DCF88FDE}.Release|x86.Build.0 = Release|Win32
		{567AB76E-93CA-414D-AF6C-0DA71BBE5E0F}.Debug|x64.ActiveCfg = Debug|x64
		{567AB76E-93CA-414D-AF6C-0DA71BBE5E0F}.Debug|x64.Build.0 = Debug|x64
		{567AB76E-93CA-414D-AF6C-0DA71BBE5E0F}.Debug|x86.ActiveCfg = Debug|Win32
		{567AB76E-93CA-414D-AF6C-0DA71BBE5E0F}.Debug|x86.Build.0 = Debug|Win32
		{567AB76E-93CA-414D-AF6C-0DA71BBE5E0F}.Release|x64.ActiveCfg = Release|x64
		{567AB76E-93CA-414D-AF6C-0DA71BBE5E0F}.Release|x64.Build.0 = Release|x64
		{567AB76E-93CA-414D-AF6C-0DA71BBE5E0F}.Release|x86.ActiveCfg = Release|Win32
		{567AB76E-93CA-414D-AF6C-0DA71BBE5E0F}.Release|x86.Build.0 = Release|Win32
	EndGlobalSection
	GlobalSection(SolutionProperties) = preSolution
		HideSolutionNode = FALSE
	EndGlobalSection
	GlobalSection(ExtensibilityGlobals) = postSolution
		SolutionGuid = {1983626D-4A5C-4EFB-9AA0-91E2A7C85693}
	EndGlobalSection
EndGlobal
